
Microsoft Visual Studio Solution File, Format Version 12.00
# Visual Studio 14
VisualStudioVersion = 14.0.25420.1
MinimumVisualStudioVersion = 10.0.40219.1
Project("{888888A0-9F3D-457C-B088-3A5042F75D52}") = "Project1.TitanicSurvivalExploration", "Project1.TitanicSurvivalExploration\Project1.TitanicSurvivalExploration.pyproj", "{13503B3C-AEA0-4970-909B-EF16E7C3F5DE}"
EndProject
Project("{888888A0-9F3D-457C-B088-3A5042F75D52}") = "2016.11.09.StatisticalAnalysis", "2016.11.09.StatisticalAnalysis\2016.11.09.StatisticalAnalysis.pyproj", "{13E86171-57D5-459B-9472-79F260A8C027}"
EndProject
Project("{888888A0-9F3D-457C-B088-3A5042F75D52}") = "2016.11.11.DataModeling", "2016.11.11.DataModeling\2016.11.11.DataModeling.pyproj", "{E9090923-6BFA-437C-8E58-17B961BB9EFC}"
EndProject
Project("{888888A0-9F3D-457C-B088-3A5042F75D52}") = "2016.11.15.EvaluationAndTesting", "2016.11.15.EvaluationAndTesting\2016.11.15.EvaluationAndTesting.pyproj", "{8421CC0D-1433-41F4-AEBC-D86096C8D79A}"
EndProject
Project("{888888A0-9F3D-457C-B088-3A5042F75D52}") = "Project2.BostonHousingPrices", "Project2.BostonHousingPrices\Project2.BostonHousingPrices.pyproj", "{9AB9A16B-2F75-4E10-812D-2D21448F7691}"
EndProject
Project("{888888A0-9F3D-457C-B088-3A5042F75D52}") = "2016.11.25.SupervisedLearning", "2016.11.25.SupervisedLearning\2016.11.25.SupervisedLearning.pyproj", "{48DA38C3-80F6-42AB-8FB0-1287B0C3C226}"
EndProject
Project("{888888A0-9F3D-457C-B088-3A5042F75D52}") = "Project3.FindingDonors", "Project3.FindingDonors\Project3.FindingDonors.pyproj", "{AE3F13B6-DF0D-467A-A9B0-8E69BC09C35A}"
EndProject
Global
	GlobalSection(SolutionConfigurationPlatforms) = preSolution
		Debug|Any CPU = Debug|Any CPU
		Release|Any CPU = Release|Any CPU
	EndGlobalSection
	GlobalSection(ProjectConfigurationPlatforms) = postSolution
		{13503B3C-AEA0-4970-909B-EF16E7C3F5DE}.Debug|Any CPU.ActiveCfg = Debug|Any CPU
		{13503B3C-AEA0-4970-909B-EF16E7C3F5DE}.Release|Any CPU.ActiveCfg = Release|Any CPU
		{13E86171-57D5-459B-9472-79F260A8C027}.Debug|Any CPU.ActiveCfg = Debug|Any CPU
		{13E86171-57D5-459B-9472-79F260A8C027}.Release|Any CPU.ActiveCfg = Release|Any CPU
		{E9090923-6BFA-437C-8E58-17B961BB9EFC}.Debug|Any CPU.ActiveCfg = Debug|Any CPU
		{E9090923-6BFA-437C-8E58-17B961BB9EFC}.Release|Any CPU.ActiveCfg = Release|Any CPU
		{8421CC0D-1433-41F4-AEBC-D86096C8D79A}.Debug|Any CPU.ActiveCfg = Debug|Any CPU
		{8421CC0D-1433-41F4-AEBC-D86096C8D79A}.Release|Any CPU.ActiveCfg = Release|Any CPU
		{9AB9A16B-2F75-4E10-812D-2D21448F7691}.Debug|Any CPU.ActiveCfg = Debug|Any CPU
		{9AB9A16B-2F75-4E10-812D-2D21448F7691}.Release|Any CPU.ActiveCfg = Release|Any CPU
		{48DA38C3-80F6-42AB-8FB0-1287B0C3C226}.Debug|Any CPU.ActiveCfg = Debug|Any CPU
		{48DA38C3-80F6-42AB-8FB0-1287B0C3C226}.Release|Any CPU.ActiveCfg = Release|Any CPU
		{AE3F13B6-DF0D-467A-A9B0-8E69BC09C35A}.Debug|Any CPU.ActiveCfg = Debug|Any CPU
		{AE3F13B6-DF0D-467A-A9B0-8E69BC09C35A}.Release|Any CPU.ActiveCfg = Release|Any CPU
	EndGlobalSection
	GlobalSection(SolutionProperties) = preSolution
		HideSolutionNode = FALSE
	EndGlobalSection
EndGlobal
